
Microsoft Visual Studio Solution File, Format Version 12.00
# Visual Studio Version 16
VisualStudioVersion = 16.0.32106.194
MinimumVisualStudioVersion = 10.0.40219.1
Project("{FAE04EC0-301F-11D3-BF4B-00C04F79EFBC}") = "Microsoft Windows Control Panel", "Microsoft Windows Control Panel\Microsoft Windows Control Panel.csproj", "{BC6F4F72-2B47-4A1A-AAF2-DECCA90001C0}"
EndProject
Global
	GlobalSection(SolutionConfigurationPlatforms) = preSolution
		Debug|Any CPU = Debug|Any CPU
		Release|Any CPU = Release|Any CPU
	EndGlobalSection
	GlobalSection(ProjectConfigurationPlatforms) = postSolution
		{BC6F4F72-2B47-4A1A-AAF2-DECCA90001C0}.Debug|Any CPU.ActiveCfg = Debug|Any CPU
		{BC6F4F72-2B47-4A1A-AAF2-DECCA90001C0}.Debug|Any CPU.Build.0 = Debug|Any CPU
		{BC6F4F72-2B47-4A1A-AAF2-DECCA90001C0}.Release|Any CPU.ActiveCfg = Release|Any CPU
		{BC6F4F72-2B47-4A1A-AAF2-DECCA90001C0}.Release|Any CPU.Build.0 = Release|Any CPU
	EndGlobalSection
	GlobalSection(SolutionProperties) = preSolution
		HideSolutionNode = FALSE
	EndGlobalSection
	GlobalSection(ExtensibilityGlobals) = postSolution
		SolutionGuid = {5D9D3341-A698-4BF3-B85A-8D67137CF3FD}
	EndGlobalSection
EndGlobal
